
Microsoft Visual Studio Solution File, Format Version 12.00
# Visual Studio Version 17
VisualStudioVersion = 17.11.35222.181
MinimumVisualStudioVersion = 10.0.40219.1
Project("{9A19103F-16F7-4668-BE54-9A1E7A4F7556}") = "ClinicService", "ClinicService\ClinicService.csproj", "{3F8651A8-9D39-4FA9-AE07-27DC2277B81C}"
EndProject
Project("{9A19103F-16F7-4668-BE54-9A1E7A4F7556}") = "ClinicDesktop", "ClinicDesktop\ClinicDesktop.csproj", "{900069E4-0D27-4D16-B802-9700740663D4}"
EndProject
Project("{9A19103F-16F7-4668-BE54-9A1E7A4F7556}") = "ClinicDesktop.Date", "ClinicDesktop.Date\ClinicDesktop.Date.csproj", "{7A031B49-0BCE-4297-AAE7-B4907372D5ED}"
EndProject
Project("{FAE04EC0-301F-11D3-BF4B-00C04F79EFBC}") = "ClinicServiceTests", "ClinicServiceTests\ClinicServiceTests.csproj", "{97A9F65E-32D6-4C08-8990-AE72B6A77FDB}"
EndProject
Global
	GlobalSection(SolutionConfigurationPlatforms) = preSolution
		Debug|Any CPU = Debug|Any CPU
		Release|Any CPU = Release|Any CPU
	EndGlobalSection
	GlobalSection(ProjectConfigurationPlatforms) = postSolution
		{3F8651A8-9D39-4FA9-AE07-27DC2277B81C}.Debug|Any CPU.ActiveCfg = Debug|Any CPU
		{3F8651A8-9D39-4FA9-AE07-27DC2277B81C}.Debug|Any CPU.Build.0 = Debug|Any CPU
		{3F8651A8-9D39-4FA9-AE07-27DC2277B81C}.Release|Any CPU.ActiveCfg = Release|Any CPU
		{3F8651A8-9D39-4FA9-AE07-27DC2277B81C}.Release|Any CPU.Build.0 = Release|Any CPU
		{900069E4-0D27-4D16-B802-9700740663D4}.Debug|Any CPU.ActiveCfg = Debug|Any CPU
		{900069E4-0D27-4D16-B802-9700740663D4}.Debug|Any CPU.Build.0 = Debug|Any CPU
		{900069E4-0D27-4D16-B802-9700740663D4}.Release|Any CPU.ActiveCfg = Release|Any CPU
		{900069E4-0D27-4D16-B802-9700740663D4}.Release|Any CPU.Build.0 = Release|Any CPU
		{7A031B49-0BCE-4297-AAE7-B4907372D5ED}.Debug|Any CPU.ActiveCfg = Debug|Any CPU
		{7A031B49-0BCE-4297-AAE7-B4907372D5ED}.Debug|Any CPU.Build.0 = Debug|Any CPU
		{7A031B49-0BCE-4297-AAE7-B4907372D5ED}.Release|Any CPU.ActiveCfg = Release|Any CPU
		{7A031B49-0BCE-4297-AAE7-B4907372D5ED}.Release|Any CPU.Build.0 = Release|Any CPU
		{97A9F65E-32D6-4C08-8990-AE72B6A77FDB}.Debug|Any CPU.ActiveCfg = Debug|Any CPU
		{97A9F65E-32D6-4C08-8990-AE72B6A77FDB}.Debug|Any CPU.Build.0 = Debug|Any CPU
		{97A9F65E-32D6-4C08-8990-AE72B6A77FDB}.Release|Any CPU.ActiveCfg = Release|Any CPU
		{97A9F65E-32D6-4C08-8990-AE72B6A77FDB}.Release|Any CPU.Build.0 = Release|Any CPU
	EndGlobalSection
	GlobalSection(SolutionProperties) = preSolution
		HideSolutionNode = FALSE
	EndGlobalSection
	GlobalSection(ExtensibilityGlobals) = postSolution
		SolutionGuid = {E25D11A6-0A4B-49DD-86ED-6134288AC949}
	EndGlobalSection
EndGlobal
